// !$*UTF8*$!
{
	archiveVersion = 1;
	classes = {
	};
	objectVersion = 46;
	objects = {

/* Begin PBXBuildFile section */
		278616E21AEE1357004D2461 /* main.m in Sources */ = {isa = PBXBuildFile; fileRef = 278616E11AEE1357004D2461 /* main.m */; };
		278616E51AEE1357004D2461 /* AppDelegate.m in Sources */ = {isa = PBXBuildFile; fileRef = 278616E41AEE1357004D2461 /* AppDelegate.m */; };
		278616E81AEE1357004D2461 /* ViewController.m in Sources */ = {isa = PBXBuildFile; fileRef = 278616E71AEE1357004D2461 /* ViewController.m */; };
		278616EB1AEE1357004D2461 /* Main.storyboard in Resources */ = {isa = PBXBuildFile; fileRef = 278616E91AEE1357004D2461 /* Main.storyboard */; };
		278616ED1AEE1357004D2461 /* Images.xcassets in Resources */ = {isa = PBXBuildFile; fileRef = 278616EC1AEE1357004D2461 /* Images.xcassets */; };
		278616F01AEE1357004D2461 /* LaunchScreen.xib in Resources */ = {isa = PBXBuildFile; fileRef = 278616EE1AEE1357004D2461 /* LaunchScreen.xib */; };
		278616FC1AEE1357004D2461 /* AnimationDemoTests.m in Sources */ = {isa = PBXBuildFile; fileRef = 278616FB1AEE1357004D2461 /* AnimationDemoTests.m */; };
		278617081AEE14DA004D2461 /* CAActionTestViewController.m in Sources */ = {isa = PBXBuildFile; fileRef = 278617071AEE14DA004D2461 /* CAActionTestViewController.m */; };
		27EF69CE1AEE334B00C37251 /* CABasicAnimationTestViewController.m in Sources */ = {isa = PBXBuildFile; fileRef = 27EF69CD1AEE334B00C37251 /* CABasicAnimationTestViewController.m */; };
		27EF69D11AEE33B700C37251 /* UIBaseViewController.m in Sources */ = {isa = PBXBuildFile; fileRef = 27EF69D01AEE33B700C37251 /* UIBaseViewController.m */; };
		A719BD151BDDF2B0004B0488 /* CAShapeLayerTestViewController.m in Sources */ = {isa = PBXBuildFile; fileRef = A719BD141BDDF2B0004B0488 /* CAShapeLayerTestViewController.m */; };
		A730793D1CE09AC7008EA645 /* CAKeyframeViewController.m in Sources */ = {isa = PBXBuildFile; fileRef = A730793C1CE09AC7008EA645 /* CAKeyframeViewController.m */; };
		A73079401CE0CB6A008EA645 /* ImplicityAnimationViewController.m in Sources */ = {isa = PBXBuildFile; fileRef = A730793F1CE0CB6A008EA645 /* ImplicityAnimationViewController.m */; };
/* End PBXBuildFile section */

/* Begin PBXContainerItemProxy section */
		278616F61AEE1357004D2461 /* PBXContainerItemProxy */ = {
			isa = PBXContainerItemProxy;
			containerPortal = 278616D41AEE1357004D2461 /* Project object */;
			proxyType = 1;
			remoteGlobalIDString = 278616DB1AEE1357004D2461;
			remoteInfo = AnimationDemo;
		};
/* End PBXContainerItemProxy section */

/* Begin PBXFileReference section */
		278616DC1AEE1357004D2461 /* AnimationDemo.app */ = {isa = PBXFileReference; explicitFileType = wrapper.application; includeInIndex = 0; path = AnimationDemo.app; sourceTree = BUILT_PRODUCTS_DIR; };
		278616E01AEE1357004D2461 /* Info.plist */ = {isa = PBXFileReference; lastKnownFileType = text.plist.xml; path = Info.plist; sourceTree = "<group>"; };
		278616E11AEE1357004D2461 /* main.m */ = {isa = PBXFileReference; lastKnownFileType = sourcecode.c.objc; path = main.m; sourceTree = "<group>"; };
		278616E31AEE1357004D2461 /* AppDelegate.h */ = {isa = PBXFileReference; lastKnownFileType = sourcecode.c.h; path = AppDelegate.h; sourceTree = "<group>"; };
		278616E41AEE1357004D2461 /* AppDelegate.m */ = {isa = PBXFileReference; lastKnownFileType = sourcecode.c.objc; path = AppDelegate.m; sourceTree = "<group>"; };
		278616E61AEE1357004D2461 /* ViewController.h */ = {isa = PBXFileReference; lastKnownFileType = sourcecode.c.h; path = ViewController.h; sourceTree = "<group>"; };
		278616E71AEE1357004D2461 /* ViewController.m */ = {isa = PBXFileReference; lastKnownFileType = sourcecode.c.objc; path = ViewController.m; sourceTree = "<group>"; };
		278616EA1AEE1357004D2461 /* Base */ = {isa = PBXFileReference; lastKnownFileType = file.storyboard; name = Base; path = Base.lproj/Main.storyboard; sourceTree = "<group>"; };
		278616EC1AEE1357004D2461 /* Images.xcassets */ = {isa = PBXFileReference; lastKnownFileType = folder.assetcatalog; path = Images.xcassets; sourceTree = "<group>"; };
		278616EF1AEE1357004D2461 /* Base */ = {isa = PBXFileReference; lastKnownFileType = file.xib; name = Base; path = Base.lproj/LaunchScreen.xib; sourceTree = "<group>"; };
		278616F51AEE1357004D2461 /* AnimationDemoTests.xctest */ = {isa = PBXFileReference; explicitFileType = wrapper.cfbundle; includeInIndex = 0; path = AnimationDemoTests.xctest; sourceTree = BUILT_PRODUCTS_DIR; };
		278616FA1AEE1357004D2461 /* Info.plist */ = {isa = PBXFileReference; lastKnownFileType = text.plist.xml; path = Info.plist; sourceTree = "<group>"; };
		278616FB1AEE1357004D2461 /* AnimationDemoTests.m */ = {isa = PBXFileReference; lastKnownFileType = sourcecode.c.objc; path = AnimationDemoTests.m; sourceTree = "<group>"; };
		278617061AEE14DA004D2461 /* CAActionTestViewController.h */ = {isa = PBXFileReference; fileEncoding = 4; lastKnownFileType = sourcecode.c.h; path = CAActionTestViewController.h; sourceTree = "<group>"; };
		278617071AEE14DA004D2461 /* CAActionTestViewController.m */ = {isa = PBXFileReference; fileEncoding = 4; lastKnownFileType = sourcecode.c.objc; path = CAActionTestViewController.m; sourceTree = "<group>"; };
		27EF69CC1AEE334B00C37251 /* CABasicAnimationTestViewController.h */ = {isa = PBXFileReference; fileEncoding = 4; lastKnownFileType = sourcecode.c.h; path = CABasicAnimationTestViewController.h; sourceTree = "<group>"; };
		27EF69CD1AEE334B00C37251 /* CABasicAnimationTestViewController.m */ = {isa = PBXFileReference; fileEncoding = 4; lastKnownFileType = sourcecode.c.objc; path = CABasicAnimationTestViewController.m; sourceTree = "<group>"; };
		27EF69CF1AEE33B700C37251 /* UIBaseViewController.h */ = {isa = PBXFileReference; fileEncoding = 4; lastKnownFileType = sourcecode.c.h; path = UIBaseViewController.h; sourceTree = "<group>"; };
		27EF69D01AEE33B700C37251 /* UIBaseViewController.m */ = {isa = PBXFileReference; fileEncoding = 4; lastKnownFileType = sourcecode.c.objc; path = UIBaseViewController.m; sourceTree = "<group>"; };
		A719BD131BDDF2B0004B0488 /* CAShapeLayerTestViewController.h */ = {isa = PBXFileReference; fileEncoding = 4; lastKnownFileType = sourcecode.c.h; path = CAShapeLayerTestViewController.h; sourceTree = "<group>"; };
		A719BD141BDDF2B0004B0488 /* CAShapeLayerTestViewController.m */ = {isa = PBXFileReference; fileEncoding = 4; lastKnownFileType = sourcecode.c.objc; path = CAShapeLayerTestViewController.m; sourceTree = "<group>"; };
		A730793B1CE09AC7008EA645 /* CAKeyframeViewController.h */ = {isa = PBXFileReference; fileEncoding = 4; lastKnownFileType = sourcecode.c.h; path = CAKeyframeViewController.h; sourceTree = "<group>"; };
		A730793C1CE09AC7008EA645 /* CAKeyframeViewController.m */ = {isa = PBXFileReference; fileEncoding = 4; lastKnownFileType = sourcecode.c.objc; path = CAKeyframeViewController.m; sourceTree = "<group>"; };
		A730793E1CE0CB6A008EA645 /* ImplicityAnimationViewController.h */ = {isa = PBXFileReference; fileEncoding = 4; lastKnownFileType = sourcecode.c.h; path = ImplicityAnimationViewController.h; sourceTree = "<group>"; };
		A730793F1CE0CB6A008EA645 /* ImplicityAnimationViewController.m */ = {isa = PBXFileReference; fileEncoding = 4; lastKnownFileType = sourcecode.c.objc; path = ImplicityAnimationViewController.m; sourceTree = "<group>"; };
/* End PBXFileReference section */

/* Begin PBXFrameworksBuildPhase section */
		278616D91AEE1357004D2461 /* Frameworks */ = {
			isa = PBXFrameworksBuildPhase;
			buildActionMask = 2147483647;
			files = (
			);
			runOnlyForDeploymentPostprocessing = 0;
		};
		278616F21AEE1357004D2461 /* Frameworks */ = {
			isa = PBXFrameworksBuildPhase;
			buildActionMask = 2147483647;
			files = (
			);
			runOnlyForDeploymentPostprocessing = 0;
		};
/* End PBXFrameworksBuildPhase section */

/* Begin PBXGroup section */
		278616D31AEE1357004D2461 = {
			isa = PBXGroup;
			children = (
				278616DE1AEE1357004D2461 /* AnimationDemo */,
				278616F81AEE1357004D2461 /* AnimationDemoTests */,
				278616DD1AEE1357004D2461 /* Products */,
			);
			sourceTree = "<group>";
		};
		278616DD1AEE1357004D2461 /* Products */ = {
			isa = PBXGroup;
			children = (
				278616DC1AEE1357004D2461 /* AnimationDemo.app */,
				278616F51AEE1357004D2461 /* AnimationDemoTests.xctest */,
			);
			name = Products;
			sourceTree = "<group>";
		};
		278616DE1AEE1357004D2461 /* AnimationDemo */ = {
			isa = PBXGroup;
			children = (
				278617051AEE14B6004D2461 /* AnimationViewController */,
				278616E31AEE1357004D2461 /* AppDelegate.h */,
				278616E41AEE1357004D2461 /* AppDelegate.m */,
				278616E61AEE1357004D2461 /* ViewController.h */,
				278616E71AEE1357004D2461 /* ViewController.m */,
				278616E91AEE1357004D2461 /* Main.storyboard */,
				278616EC1AEE1357004D2461 /* Images.xcassets */,
				278616EE1AEE1357004D2461 /* LaunchScreen.xib */,
				278616DF1AEE1357004D2461 /* Supporting Files */,
			);
			path = AnimationDemo;
			sourceTree = "<group>";
		};
		278616DF1AEE1357004D2461 /* Supporting Files */ = {
			isa = PBXGroup;
			children = (
				278616E01AEE1357004D2461 /* Info.plist */,
				278616E11AEE1357004D2461 /* main.m */,
			);
			name = "Supporting Files";
			sourceTree = "<group>";
		};
		278616F81AEE1357004D2461 /* AnimationDemoTests */ = {
			isa = PBXGroup;
			children = (
				278616FB1AEE1357004D2461 /* AnimationDemoTests.m */,
				278616F91AEE1357004D2461 /* Supporting Files */,
			);
			path = AnimationDemoTests;
			sourceTree = "<group>";
		};
		278616F91AEE1357004D2461 /* Supporting Files */ = {
			isa = PBXGroup;
			children = (
				278616FA1AEE1357004D2461 /* Info.plist */,
			);
			name = "Supporting Files";
			sourceTree = "<group>";
		};
		278617051AEE14B6004D2461 /* AnimationViewController */ = {
			isa = PBXGroup;
			children = (
				27EF69CF1AEE33B700C37251 /* UIBaseViewController.h */,
				27EF69D01AEE33B700C37251 /* UIBaseViewController.m */,
				A730793E1CE0CB6A008EA645 /* ImplicityAnimationViewController.h */,
				A730793F1CE0CB6A008EA645 /* ImplicityAnimationViewController.m */,
				27EF69CC1AEE334B00C37251 /* CABasicAnimationTestViewController.h */,
				27EF69CD1AEE334B00C37251 /* CABasicAnimationTestViewController.m */,
				A730793B1CE09AC7008EA645 /* CAKeyframeViewController.h */,
				A730793C1CE09AC7008EA645 /* CAKeyframeViewController.m */,
				278617061AEE14DA004D2461 /* CAActionTestViewController.h */,
				278617071AEE14DA004D2461 /* CAActionTestViewController.m */,
				A719BD131BDDF2B0004B0488 /* CAShapeLayerTestViewController.h */,
				A719BD141BDDF2B0004B0488 /* CAShapeLayerTestViewController.m */,
			);
			name = AnimationViewController;
			sourceTree = "<group>";
		};
/* End PBXGroup section */

/* Begin PBXNativeTarget section */
		278616DB1AEE1357004D2461 /* AnimationDemo */ = {
			isa = PBXNativeTarget;
			buildConfigurationList = 278616FF1AEE1357004D2461 /* Build configuration list for PBXNativeTarget "AnimationDemo" */;
			buildPhases = (
				278616D81AEE1357004D2461 /* Sources */,
				278616D91AEE1357004D2461 /* Frameworks */,
				278616DA1AEE1357004D2461 /* Resources */,
			);
			buildRules = (
			);
			dependencies = (
			);
			name = AnimationDemo;
			productName = AnimationDemo;
			productReference = 278616DC1AEE1357004D2461 /* AnimationDemo.app */;
			productType = "com.apple.product-type.application";
		};
		278616F41AEE1357004D2461 /* AnimationDemoTests */ = {
			isa = PBXNativeTarget;
			buildConfigurationList = 278617021AEE1357004D2461 /* Build configuration list for PBXNativeTarget "AnimationDemoTests" */;
			buildPhases = (
				278616F11AEE1357004D2461 /* Sources */,
				278616F21AEE1357004D2461 /* Frameworks */,
				278616F31AEE1357004D2461 /* Resources */,
			);
			buildRules = (
			);
			dependencies = (
				278616F71AEE1357004D2461 /* PBXTargetDependency */,
			);
			name = AnimationDemoTests;
			productName = AnimationDemoTests;
			productReference = 278616F51AEE1357004D2461 /* AnimationDemoTests.xctest */;
			productType = "com.apple.product-type.bundle.unit-test";
		};
/* End PBXNativeTarget section */

/* Begin PBXProject section */
		278616D41AEE1357004D2461 /* Project object */ = {
			isa = PBXProject;
			attributes = {
				LastUpgradeCheck = 0630;
				ORGANIZATIONNAME = KudoCC;
				TargetAttributes = {
					278616DB1AEE1357004D2461 = {
						CreatedOnToolsVersion = 6.3;
					};
					278616F41AEE1357004D2461 = {
						CreatedOnToolsVersion = 6.3;
						TestTargetID = 278616DB1AEE1357004D2461;
					};
				};
			};
			buildConfigurationList = 278616D71AEE1357004D2461 /* Build configuration list for PBXProject "AnimationDemo" */;
			compatibilityVersion = "Xcode 3.2";
			developmentRegion = English;
			hasScannedForEncodings = 0;
			knownRegions = (
				en,
				Base,
			);
			mainGroup = 278616D31AEE1357004D2461;
			productRefGroup = 278616DD1AEE1357004D2461 /* Products */;
			projectDirPath = "";
			projectRoot = "";
			targets = (
				278616DB1AEE1357004D2461 /* AnimationDemo */,
				278616F41AEE1357004D2461 /* AnimationDemoTests */,
			);
		};
/* End PBXProject section */

/* Begin PBXResourcesBuildPhase section */
		278616DA1AEE1357004D2461 /* Resources */ = {
			isa = PBXResourcesBuildPhase;
			buildActionMask = 2147483647;
			files = (
				278616EB1AEE1357004D2461 /* Main.storyboard in Resources */,
				278616F01AEE1357004D2461 /* LaunchScreen.xib in Resources */,
				278616ED1AEE1357004D2461 /* Images.xcassets in Resources */,
			);
			runOnlyForDeploymentPostprocessing = 0;
		};
		278616F31AEE1357004D2461 /* Resources */ = {
			isa = PBXResourcesBuildPhase;
			buildActionMask = 2147483647;
			files = (
			);
			runOnlyForDeploymentPostprocessing = 0;
		};
/* End PBXResourcesBuildPhase section */

/* Begin PBXSourcesBuildPhase section */
		278616D81AEE1357004D2461 /* Sources */ = {
			isa = PBXSourcesBuildPhase;
			buildActionMask = 2147483647;
			files = (
				278617081AEE14DA004D2461 /* CAActionTestViewController.m in Sources */,
				278616E81AEE1357004D2461 /* ViewController.m in Sources */,
				A73079401CE0CB6A008EA645 /* ImplicityAnimationViewController.m in Sources */,
				A719BD151BDDF2B0004B0488 /* CAShapeLayerTestViewController.m in Sources */,
				27EF69CE1AEE334B00C37251 /* CABasicAnimationTestViewController.m in Sources */,
				A730793D1CE09AC7008EA645 /* CAKeyframeViewController.m in Sources */,
				278616E51AEE1357004D2461 /* AppDelegate.m in Sources */,
				278616E21AEE1357004D2461 /* main.m in Sources */,
				27EF69D11AEE33B700C37251 /* UIBaseViewController.m in Sources */,
			);
			runOnlyForDeploymentPostprocessing = 0;
		};
		278616F11AEE1357004D2461 /* Sources */ = {
			isa = PBXSourcesBuildPhase;
			buildActionMask = 2147483647;
			files = (
				278616FC1AEE1357004D2461 /* AnimationDemoTests.m in Sources */,
			);
			runOnlyForDeploymentPostprocessing = 0;
		};
/* End PBXSourcesBuildPhase section */

/* Begin PBXTargetDependency section */
		278616F71AEE1357004D2461 /* PBXTargetDependency */ = {
			isa = PBXTargetDependency;
			target = 278616DB1AEE1357004D2461 /* AnimationDemo */;
			targetProxy = 278616F61AEE1357004D2461 /* PBXContainerItemProxy */;
		};
/* End PBXTargetDependency section */

/* Begin PBXVariantGroup section */
		278616E91AEE1357004D2461 /* Main.storyboard */ = {
			isa = PBXVariantGroup;
			children = (
				278616EA1AEE1357004D2461 /* Base */,
			);
			name = Main.storyboard;
			sourceTree = "<group>";
		};
		278616EE1AEE1357004D2461 /* LaunchScreen.xib */ = {
			isa = PBXVariantGroup;
			children = (
				278616EF1AEE1357004D2461 /* Base */,
			);
			name = LaunchScreen.xib;
			sourceTree = "<group>";
		};
/* End PBXVariantGroup section */

/* Begin XCBuildConfiguration section */
		278616FD1AEE1357004D2461 /* Debug */ = {
			isa = XCBuildConfiguration;
			buildSettings = {
				ALWAYS_SEARCH_USER_PATHS = NO;
				CLANG_CXX_LANGUAGE_STANDARD = "gnu++0x";
				CLANG_CXX_LIBRARY = "libc++";
				CLANG_ENABLE_MODULES = YES;
				CLANG_ENABLE_OBJC_ARC = YES;
				CLANG_WARN_BOOL_CONVERSION = YES;
				CLANG_WARN_CONSTANT_CONVERSION = YES;
				CLANG_WARN_DIRECT_OBJC_ISA_USAGE = YES_ERROR;
				CLANG_WARN_EMPTY_BODY = YES;
				CLANG_WARN_ENUM_CONVERSION = YES;
				CLANG_WARN_INT_CONVERSION = YES;
				CLANG_WARN_OBJC_ROOT_CLASS = YES_ERROR;
				CLANG_WARN_UNREACHABLE_CODE = YES;
				CLANG_WARN__DUPLICATE_METHOD_MATCH = YES;
				"CODE_SIGN_IDENTITY[sdk=iphoneos*]" = "iPhone Developer";
				COPY_PHASE_STRIP = NO;
				DEBUG_INFORMATION_FORMAT = "dwarf-with-dsym";
				ENABLE_STRICT_OBJC_MSGSEND = YES;
				GCC_C_LANGUAGE_STANDARD = gnu99;
				GCC_DYNAMIC_NO_PIC = NO;
				GCC_NO_COMMON_BLOCKS = YES;
				GCC_OPTIMIZATION_LEVEL = 0;
				GCC_PREPROCESSOR_DEFINITIONS = (
					"DEBUG=1",
					"$(inherited)",
				);
				GCC_SYMBOLS_PRIVATE_EXTERN = NO;
				GCC_WARN_64_TO_32_BIT_CONVERSION = YES;
				GCC_WARN_ABOUT_RETURN_TYPE = YES_ERROR;
				GCC_WARN_UNDECLARED_SELECTOR = YES;
				GCC_WARN_UNINITIALIZED_AUTOS = YES_AGGRESSIVE;
				GCC_WARN_UNUSED_FUNCTION = YES;
				GCC_WARN_UNUSED_VARIABLE = YES;
				IPHONEOS_DEPLOYMENT_TARGET = 8.3;
				MTL_ENABLE_DEBUG_INFO = YES;
				ONLY_ACTIVE_ARCH = YES;
				SDKROOT = iphoneos;
			};
			name = Debug;
		};
		278616FE1AEE1357004D2461 /* Release */ = {
			isa = XCBuildConfiguration;
			buildSettings = {
				ALWAYS_SEARCH_USER_PATHS = NO;
				CLANG_CXX_LANGUAGE_STANDARD = "gnu++0x";
				CLANG_CXX_LIBRARY = "libc++";
				CLANG_ENABLE_MODULES = YES;
				CLANG_ENABLE_OBJC_ARC = YES;
				CLANG_WARN_BOOL_CONVERSION = YES;
				CLANG_WARN_CONSTANT_CONVERSION = YES;
				CLANG_WARN_DIRECT_OBJC_ISA_USAGE = YES_ERROR;
				CLANG_WARN_EMPTY_BODY = YES;
				CLANG_WARN_ENUM_CONVERSION = YES;
				CLANG_WARN_INT_CONVERSION = YES;
				CLANG_WARN_OBJC_ROOT_CLASS = YES_ERROR;
				CLANG_WARN_UNREACHABLE_CODE = YES;
				CLANG_WARN__DUPLICATE_METHOD_MATCH = YES;
				"CODE_SIGN_IDENTITY[sdk=iphoneos*]" = "iPhone Developer";
				COPY_PHASE_STRIP = NO;
				DEBUG_INFORMATION_FORMAT = "dwarf-with-dsym";
				ENABLE_NS_ASSERTIONS = NO;
				ENABLE_STRICT_OBJC_MSGSEND = YES;
				GCC_C_LANGUAGE_STANDARD = gnu99;
				GCC_NO_COMMON_BLOCKS = YES;
				GCC_WARN_64_TO_32_BIT_CONVERSION = YES;
				GCC_WARN_ABOUT_RETURN_TYPE = YES_ERROR;
				GCC_WARN_UNDECLARED_SELECTOR = YES;
				GCC_WARN_UNINITIALIZED_AUTOS = YES_AGGRESSIVE;
				GCC_WARN_UNUSED_FUNCTION = YES;
				GCC_WARN_UNUSED_VARIABLE = YES;
				IPHONEOS_DEPLOYMENT_TARGET = 8.3;
				MTL_ENABLE_DEBUG_INFO = NO;
				SDKROOT = iphoneos;
				VALIDATE_PRODUCT = YES;
			};
			name = Release;
		};
		278617001AEE1357004D2461 /* Debug */ = {
			isa = XCBuildConfiguration;
			buildSettings = {
				ASSETCATALOG_COMPILER_APPICON_NAME = AppIcon;
				INFOPLIST_FILE = AnimationDemo/Info.plist;
				IPHONEOS_DEPLOYMENT_TARGET = 7.0;
				LD_RUNPATH_SEARCH_PATHS = "$(inherited) @executable_path/Frameworks";
				PRODUCT_NAME = "$(TARGET_NAME)";
			};
			name = Debug;
		};
		278617011AEE1357004D2461 /* Release */ = {
			isa = XCBuildConfiguration;
			buildSettings = {
				ASSETCATALOG_COMPILER_APPICON_NAME = AppIcon;
				INFOPLIST_FILE = AnimationDemo/Info.plist;
				IPHONEOS_DEPLOYMENT_TARGET = 7.0;
				LD_RUNPATH_SEARCH_PATHS = "$(inherited) @executable_path/Frameworks";
				PRODUCT_NAME = "$(TARGET_NAME)";
			};
			name = Release;
		};
		278617031AEE1357004D2461 /* Debug */ = {
			isa = XCBuildConfiguration;
			buildSettings = {
				BUNDLE_LOADER = "$(TEST_HOST)";
				FRAMEWORK_SEARCH_PATHS = (
					"$(SDKROOT)/Developer/Library/Frameworks",
					"$(inherited)",
				);
				GCC_PREPROCESSOR_DEFINITIONS = (
					"DEBUG=1",
					"$(inherited)",
				);
				INFOPLIST_FILE = AnimationDemoTests/Info.plist;
				LD_RUNPATH_SEARCH_PATHS = "$(inherited) @executable_path/Frameworks @loader_path/Frameworks";
				PRODUCT_NAME = "$(TARGET_NAME)";
				TEST_HOST = "$(BUILT_PRODUCTS_DIR)/AnimationDemo.app/AnimationDemo";
			};
			name = Debug;
		};
		278617041AEE1357004D2461 /* Release */ = {
			isa = XCBuildConfiguration;
			buildSettings = {
				BUNDLE_LOADER = "$(TEST_HOST)";
				FRAMEWORK_SEARCH_PATHS = (
					"$(SDKROOT)/Developer/Library/Frameworks",
					"$(inherited)",
				);
				INFOPLIST_FILE = AnimationDemoTests/Info.plist;
				LD_RUNPATH_SEARCH_PATHS = "$(inherited) @executable_path/Frameworks @loader_path/Frameworks";
				PRODUCT_NAME = "$(TARGET_NAME)";
				TEST_HOST = "$(BUILT_PRODUCTS_DIR)/AnimationDemo.app/AnimationDemo";
			};
			name = Release;
		};
/* End XCBuildConfiguration section */

/* Begin XCConfigurationList section */
		278616D71AEE1357004D2461 /* Build configuration list for PBXProject "AnimationDemo" */ = {
			isa = XCConfigurationList;
			buildConfigurations = (
				278616FD1AEE1357004D2461 /* Debug */,
				278616FE1AEE1357004D2461 /* Release */,
			);
			defaultConfigurationIsVisible = 0;
			defaultConfigurationName = Release;
		};
		278616FF1AEE1357004D2461 /* Build configuration list for PBXNativeTarget "AnimationDemo" */ = {
			isa = XCConfigurationList;
			buildConfigurations = (
				278617001AEE1357004D2461 /* Debug */,
				278617011AEE1357004D2461 /* Release */,
			);
			defaultConfigurationIsVisible = 0;
			defaultConfigurationName = Release;
		};
		278617021AEE1357004D2461 /* Build configuration list for PBXNativeTarget "AnimationDemoTests" */ = {
			isa = XCConfigurationList;
			buildConfigurations = (
				278617031AEE1357004D2461 /* Debug */,
				278617041AEE1357004D2461 /* Release */,
			);
			defaultConfigurationIsVisible = 0;
			defaultConfigurationName = Release;
		};
/* End XCConfigurationList section */
	};
	rootObject = 278616D41AEE1357004D2461 /* Project object */;
}
